
Microsoft Visual Studio Solution File, Format Version 12.00
# Visual Studio Version 17
VisualStudioVersion = 17.7.34221.43
MinimumVisualStudioVersion = 10.0.40219.1
Project("{FAE04EC0-301F-11D3-BF4B-00C04F79EFBC}") = "ADO", "ADO.csproj", "{5938F552-AC7B-46CA-8AFC-0A3303C208A1}"
EndProject
Global
	GlobalSection(SolutionConfigurationPlatforms) = preSolution
		Debug|Any CPU = Debug|Any CPU
		Release|Any CPU = Release|Any CPU
	EndGlobalSection
	GlobalSection(ProjectConfigurationPlatforms) = postSolution
		{5938F552-AC7B-46CA-8AFC-0A3303C208A1}.Debug|Any CPU.ActiveCfg = Debug|Any CPU
		{5938F552-AC7B-46CA-8AFC-0A3303C208A1}.Debug|Any CPU.Build.0 = Debug|Any CPU
		{5938F552-AC7B-46CA-8AFC-0A3303C208A1}.Release|Any CPU.ActiveCfg = Release|Any CPU
		{5938F552-AC7B-46CA-8AFC-0A3303C208A1}.Release|Any CPU.Build.0 = Release|Any CPU
	EndGlobalSection
	GlobalSection(SolutionProperties) = preSolution
		HideSolutionNode = FALSE
	EndGlobalSection
	GlobalSection(ExtensibilityGlobals) = postSolution
		SolutionGuid = {0747C1A0-4A3B-44B6-A043-2DA1C6FB67D3}
	EndGlobalSection
EndGlobal
